
Microsoft Visual Studio Solution File, Format Version 12.00
# Visual Studio 2013
VisualStudioVersion = 12.0.31101.0
MinimumVisualStudioVersion = 10.0.40219.1
Project("{FAE04EC0-301F-11D3-BF4B-00C04F79EFBC}") = "MvcApplication1", "MvcApplication1\MvcApplication1.csproj", "{6E6B8611-D892-40B4-A5B3-9187D3C86A85}"
EndProject
Project("{FAE04EC0-301F-11D3-BF4B-00C04F79EFBC}") = "UnitTestProject1", "UnitTestProject1\UnitTestProject1.csproj", "{333BEFEC-9939-4A01-BF64-53B1A8FCE529}"
EndProject
Global
	GlobalSection(SolutionConfigurationPlatforms) = preSolution
		Debug|Any CPU = Debug|Any CPU
		Release|Any CPU = Release|Any CPU
	EndGlobalSection
	GlobalSection(ProjectConfigurationPlatforms) = postSolution
		{6E6B8611-D892-40B4-A5B3-9187D3C86A85}.Debug|Any CPU.ActiveCfg = Debug|Any CPU
		{6E6B8611-D892-40B4-A5B3-9187D3C86A85}.Debug|Any CPU.Build.0 = Debug|Any CPU
		{6E6B8611-D892-40B4-A5B3-9187D3C86A85}.Release|Any CPU.ActiveCfg = Release|Any CPU
		{6E6B8611-D892-40B4-A5B3-9187D3C86A85}.Release|Any CPU.Build.0 = Release|Any CPU
		{333BEFEC-9939-4A01-BF64-53B1A8FCE529}.Debug|Any CPU.ActiveCfg = Debug|Any CPU
		{333BEFEC-9939-4A01-BF64-53B1A8FCE529}.Debug|Any CPU.Build.0 = Debug|Any CPU
		{333BEFEC-9939-4A01-BF64-53B1A8FCE529}.Release|Any CPU.ActiveCfg = Release|Any CPU
		{333BEFEC-9939-4A01-BF64-53B1A8FCE529}.Release|Any CPU.Build.0 = Release|Any CPU
	EndGlobalSection
	GlobalSection(SolutionProperties) = preSolution
		HideSolutionNode = FALSE
	EndGlobalSection
EndGlobal
